
Microsoft Visual Studio Solution File, Format Version 12.00
# Visual Studio 15
VisualStudioVersion = 15.0.28307.168
MinimumVisualStudioVersion = 10.0.40219.1
Project("{FAE04EC0-301F-11D3-BF4B-00C04F79EFBC}") = "Camera", "Camera\Camera.csproj", "{17B48D34-41E3-4993-A0CA-D2ED4F6540BA}"
EndProject
Global
	GlobalSection(SolutionConfigurationPlatforms) = preSolution
		Debug|Any CPU = Debug|Any CPU
		Release|Any CPU = Release|Any CPU
	EndGlobalSection
	GlobalSection(ProjectConfigurationPlatforms) = postSolution
		{17B48D34-41E3-4993-A0CA-D2ED4F6540BA}.Debug|Any CPU.ActiveCfg = Debug|Any CPU
		{17B48D34-41E3-4993-A0CA-D2ED4F6540BA}.Debug|Any CPU.Build.0 = Debug|Any CPU
		{17B48D34-41E3-4993-A0CA-D2ED4F6540BA}.Release|Any CPU.ActiveCfg = Release|Any CPU
		{17B48D34-41E3-4993-A0CA-D2ED4F6540BA}.Release|Any CPU.Build.0 = Release|Any CPU
	EndGlobalSection
	GlobalSection(SolutionProperties) = preSolution
		HideSolutionNode = FALSE
	EndGlobalSection
	GlobalSection(ExtensibilityGlobals) = postSolution
		SolutionGuid = {EF882AFF-5A11-4497-999C-FE260DA19755}
	EndGlobalSection
EndGlobal
